{
  "name": "BreakEnglish",
  "version": "1.0.0",
  "lockfileVersion": 1,
  "requires": true,
  "dependencies": {
    "@vant/weapp": {
      "version": "1.9.1",
      "resolved": "https://registry.npmjs.org/@vant/weapp/-/weapp-1.9.1.tgz",
      "integrity": "sha512-/H+F89Rvz6RXZaR8+6xkY5N1KBJHEiKhErrAJ1o07ws4f0ujyEyptDnRCntNgjDFX9mvx8Y0Tozhh9jW5Vqd+Q=="
    }
  }
}
